
Microsoft Visual Studio Solution File, Format Version 12.00
# Visual Studio 2012
Project("{FAE04EC0-301F-11D3-BF4B-00C04F79EFBC}") = "Boinst.NAntExtensions.TeamCity", "Boinst.NAntExtensions.TeamCity\Boinst.NAntExtensions.TeamCity.csproj", "{2D51267D-145D-44BB-BA86-FBA26CF8A1E1}"
EndProject
Project("{FAE04EC0-301F-11D3-BF4B-00C04F79EFBC}") = "Boinst.NAntExtensions", "Boinst.NAntExtensions\Boinst.NAntExtensions.csproj", "{E9308E72-6D16-4914-B447-6E4F35120B12}"
EndProject
Project("{FAE04EC0-301F-11D3-BF4B-00C04F79EFBC}") = "Boinst.NUnitAddins.TeamCity", "Boinst.NUnitAddins.TeamCity\Boinst.NUnitAddins.TeamCity.csproj", "{86F80150-FCEE-4E70-AAC8-A9DF4E7CC54F}"
EndProject
Project("{FAE04EC0-301F-11D3-BF4B-00C04F79EFBC}") = "Boinst.NAntExtensions.Tests", "Boinst.NAntExtensions.Tests\Boinst.NAntExtensions.Tests.csproj", "{437D3FBE-D536-4028-8633-4A35D51B8645}"
EndProject
Project("{2150E333-8FDC-42A3-9474-1A3956D46DE8}") = ".nuget", ".nuget", "{8E5A9353-3049-43FB-A7D5-59587E9E751F}"
	ProjectSection(SolutionItems) = preProject
		.nuget\NuGet.Config = .nuget\NuGet.Config
		.nuget\NuGet.exe = .nuget\NuGet.exe
		.nuget\NuGet.targets = .nuget\NuGet.targets
	EndProjectSection
EndProject
Global
	GlobalSection(SolutionConfigurationPlatforms) = preSolution
		Debug|Any CPU = Debug|Any CPU
		Release|Any CPU = Release|Any CPU
	EndGlobalSection
	GlobalSection(ProjectConfigurationPlatforms) = postSolution
		{2D51267D-145D-44BB-BA86-FBA26CF8A1E1}.Debug|Any CPU.ActiveCfg = Debug|Any CPU
		{2D51267D-145D-44BB-BA86-FBA26CF8A1E1}.Debug|Any CPU.Build.0 = Debug|Any CPU
		{2D51267D-145D-44BB-BA86-FBA26CF8A1E1}.Release|Any CPU.ActiveCfg = Release|Any CPU
		{2D51267D-145D-44BB-BA86-FBA26CF8A1E1}.Release|Any CPU.Build.0 = Release|Any CPU
		{E9308E72-6D16-4914-B447-6E4F35120B12}.Debug|Any CPU.ActiveCfg = Debug|Any CPU
		{E9308E72-6D16-4914-B447-6E4F35120B12}.Debug|Any CPU.Build.0 = Debug|Any CPU
		{E9308E72-6D16-4914-B447-6E4F35120B12}.Release|Any CPU.ActiveCfg = Release|Any CPU
		{E9308E72-6D16-4914-B447-6E4F35120B12}.Release|Any CPU.Build.0 = Release|Any CPU
		{86F80150-FCEE-4E70-AAC8-A9DF4E7CC54F}.Debug|Any CPU.ActiveCfg = Debug|Any CPU
		{86F80150-FCEE-4E70-AAC8-A9DF4E7CC54F}.Debug|Any CPU.Build.0 = Debug|Any CPU
		{86F80150-FCEE-4E70-AAC8-A9DF4E7CC54F}.Release|Any CPU.ActiveCfg = Release|Any CPU
		{86F80150-FCEE-4E70-AAC8-A9DF4E7CC54F}.Release|Any CPU.Build.0 = Release|Any CPU
		{437D3FBE-D536-4028-8633-4A35D51B8645}.Debug|Any CPU.ActiveCfg = Debug|Any CPU
		{437D3FBE-D536-4028-8633-4A35D51B8645}.Debug|Any CPU.Build.0 = Debug|Any CPU
		{437D3FBE-D536-4028-8633-4A35D51B8645}.Release|Any CPU.ActiveCfg = Release|Any CPU
		{437D3FBE-D536-4028-8633-4A35D51B8645}.Release|Any CPU.Build.0 = Release|Any CPU
	EndGlobalSection
	GlobalSection(SolutionProperties) = preSolution
		HideSolutionNode = FALSE
	EndGlobalSection
EndGlobal
